// !$*UTF8*$!
{
	archiveVersion = 1;
	classes = {
	};
	objectVersion = 50;
	objects = {

/* Begin PBXBuildFile section */
		0415F1A5211161BE0001E6A1 /* HXPDFDocument.m in Sources */ = {isa = PBXBuildFile; fileRef = 0415F1A4211161BE0001E6A1 /* HXPDFDocument.m */; };
		042A9AA22102FDB700555BCE /* AppDelegate.m in Sources */ = {isa = PBXBuildFile; fileRef = 042A9AA12102FDB700555BCE /* AppDelegate.m */; };
		042A9AA52102FDB700555BCE /* ViewController.m in Sources */ = {isa = PBXBuildFile; fileRef = 042A9AA42102FDB700555BCE /* ViewController.m */; };
		042A9AA82102FDB700555BCE /* Main.storyboard in Resources */ = {isa = PBXBuildFile; fileRef = 042A9AA62102FDB700555BCE /* Main.storyboard */; };
		042A9AAA2102FDB800555BCE /* Assets.xcassets in Resources */ = {isa = PBXBuildFile; fileRef = 042A9AA92102FDB800555BCE /* Assets.xcassets */; };
		042A9AAD2102FDB800555BCE /* LaunchScreen.storyboard in Resources */ = {isa = PBXBuildFile; fileRef = 042A9AAB2102FDB800555BCE /* LaunchScreen.storyboard */; };
		042A9AB02102FDB800555BCE /* main.m in Sources */ = {isa = PBXBuildFile; fileRef = 042A9AAF2102FDB800555BCE /* main.m */; };
		042A9ACC2103167400555BCE /* ReaderThumbQueue.m in Sources */ = {isa = PBXBuildFile; fileRef = 042A9AB82103167300555BCE /* ReaderThumbQueue.m */; };
		042A9ACD2103167400555BCE /* ReaderThumbView.m in Sources */ = {isa = PBXBuildFile; fileRef = 042A9ABB2103167300555BCE /* ReaderThumbView.m */; };
		042A9ACE2103167400555BCE /* ReaderThumbCache.m in Sources */ = {isa = PBXBuildFile; fileRef = 042A9ABC2103167300555BCE /* ReaderThumbCache.m */; };
		042A9ACF2103167400555BCE /* ReaderThumbsView.m in Sources */ = {isa = PBXBuildFile; fileRef = 042A9ABD2103167300555BCE /* ReaderThumbsView.m */; };
		042A9AD02103167400555BCE /* UIXToolbarView.m in Sources */ = {isa = PBXBuildFile; fileRef = 042A9ABE2103167300555BCE /* UIXToolbarView.m */; };
		042A9AD12103167400555BCE /* CGPDFDocument.m in Sources */ = {isa = PBXBuildFile; fileRef = 042A9AC22103167400555BCE /* CGPDFDocument.m */; };
		042A9AD22103167400555BCE /* ReaderThumbFetch.m in Sources */ = {isa = PBXBuildFile; fileRef = 042A9AC52103167400555BCE /* ReaderThumbFetch.m */; };
		042A9AD32103167400555BCE /* ReaderThumbRender.m in Sources */ = {isa = PBXBuildFile; fileRef = 042A9AC82103167400555BCE /* ReaderThumbRender.m */; };
		042A9AD42103167400555BCE /* ReaderThumbRequest.m in Sources */ = {isa = PBXBuildFile; fileRef = 042A9ACA2103167400555BCE /* ReaderThumbRequest.m */; };
		042A9AD52103167400555BCE /* ReaderDocumentOutline.m in Sources */ = {isa = PBXBuildFile; fileRef = 042A9ACB2103167400555BCE /* ReaderDocumentOutline.m */; };
		044CAB30210601F10099EAF5 /* ThumbsMainToolbar.m in Sources */ = {isa = PBXBuildFile; fileRef = 044CAB1E210601F00099EAF5 /* ThumbsMainToolbar.m */; };
		044CAB31210601F10099EAF5 /* ReaderConstants.m in Sources */ = {isa = PBXBuildFile; fileRef = 044CAB1F210601F00099EAF5 /* ReaderConstants.m */; };
		044CAB32210601F10099EAF5 /* ReaderDocument.m in Sources */ = {isa = PBXBuildFile; fileRef = 044CAB20210601F00099EAF5 /* ReaderDocument.m */; };
		044CAB33210601F10099EAF5 /* ReaderMainPagebar.m in Sources */ = {isa = PBXBuildFile; fileRef = 044CAB22210601F00099EAF5 /* ReaderMainPagebar.m */; };
		044CAB34210601F10099EAF5 /* ReaderContentView.m in Sources */ = {isa = PBXBuildFile; fileRef = 044CAB24210601F00099EAF5 /* ReaderContentView.m */; };
		044CAB35210601F10099EAF5 /* ReaderContentTile.m in Sources */ = {isa = PBXBuildFile; fileRef = 044CAB28210601F00099EAF5 /* ReaderContentTile.m */; };
		044CAB36210601F10099EAF5 /* ReaderMainToolbar.m in Sources */ = {isa = PBXBuildFile; fileRef = 044CAB2B210601F00099EAF5 /* ReaderMainToolbar.m */; };
		044CAB37210601F10099EAF5 /* ReaderContentPage.m in Sources */ = {isa = PBXBuildFile; fileRef = 044CAB2C210601F00099EAF5 /* ReaderContentPage.m */; };
		044CAB38210601F10099EAF5 /* ReaderViewController.m in Sources */ = {isa = PBXBuildFile; fileRef = 044CAB2E210601F10099EAF5 /* ReaderViewController.m */; };
		044CAB39210601F10099EAF5 /* ThumbsViewController.m in Sources */ = {isa = PBXBuildFile; fileRef = 044CAB2F210601F10099EAF5 /* ThumbsViewController.m */; };
		044CAB3B210602010099EAF5 /* 1.pdf in Resources */ = {isa = PBXBuildFile; fileRef = 044CAB3A210602010099EAF5 /* 1.pdf */; };
/* End PBXBuildFile section */

/* Begin PBXFileReference section */
		0415F1A3211161BE0001E6A1 /* HXPDFDocument.h */ = {isa = PBXFileReference; lastKnownFileType = sourcecode.c.h; path = HXPDFDocument.h; sourceTree = "<group>"; };
		0415F1A4211161BE0001E6A1 /* HXPDFDocument.m */ = {isa = PBXFileReference; lastKnownFileType = sourcecode.c.objc; path = HXPDFDocument.m; sourceTree = "<group>"; };
		042A9A9D2102FDB700555BCE /* HXPDFReader.app */ = {isa = PBXFileReference; explicitFileType = wrapper.application; includeInIndex = 0; path = HXPDFReader.app; sourceTree = BUILT_PRODUCTS_DIR; };
		042A9AA02102FDB700555BCE /* AppDelegate.h */ = {isa = PBXFileReference; lastKnownFileType = sourcecode.c.h; path = AppDelegate.h; sourceTree = "<group>"; };
		042A9AA12102FDB700555BCE /* AppDelegate.m */ = {isa = PBXFileReference; lastKnownFileType = sourcecode.c.objc; path = AppDelegate.m; sourceTree = "<group>"; };
		042A9AA32102FDB700555BCE /* ViewController.h */ = {isa = PBXFileReference; lastKnownFileType = sourcecode.c.h; path = ViewController.h; sourceTree = "<group>"; };
		042A9AA42102FDB700555BCE /* ViewController.m */ = {isa = PBXFileReference; lastKnownFileType = sourcecode.c.objc; path = ViewController.m; sourceTree = "<group>"; };
		042A9AA72102FDB700555BCE /* Base */ = {isa = PBXFileReference; lastKnownFileType = file.storyboard; name = Base; path = Base.lproj/Main.storyboard; sourceTree = "<group>"; };
		042A9AA92102FDB800555BCE /* Assets.xcassets */ = {isa = PBXFileReference; lastKnownFileType = folder.assetcatalog; path = Assets.xcassets; sourceTree = "<group>"; };
		042A9AAC2102FDB800555BCE /* Base */ = {isa = PBXFileReference; lastKnownFileType = file.storyboard; name = Base; path = Base.lproj/LaunchScreen.storyboard; sourceTree = "<group>"; };
		042A9AAE2102FDB800555BCE /* Info.plist */ = {isa = PBXFileReference; lastKnownFileType = text.plist.xml; path = Info.plist; sourceTree = "<group>"; };
		042A9AAF2102FDB800555BCE /* main.m */ = {isa = PBXFileReference; lastKnownFileType = sourcecode.c.objc; path = main.m; sourceTree = "<group>"; };
		042A9AB82103167300555BCE /* ReaderThumbQueue.m */ = {isa = PBXFileReference; fileEncoding = 4; lastKnownFileType = sourcecode.c.objc; path = ReaderThumbQueue.m; sourceTree = "<group>"; };
		042A9AB92103167300555BCE /* ReaderThumbRender.h */ = {isa = PBXFileReference; fileEncoding = 4; lastKnownFileType = sourcecode.c.h; path = ReaderThumbRender.h; sourceTree = "<group>"; };
		042A9ABA2103167300555BCE /* UIXToolbarView.h */ = {isa = PBXFileReference; fileEncoding = 4; lastKnownFileType = sourcecode.c.h; path = UIXToolbarView.h; sourceTree = "<group>"; };
		042A9ABB2103167300555BCE /* ReaderThumbView.m */ = {isa = PBXFileReference; fileEncoding = 4; lastKnownFileType = sourcecode.c.objc; path = ReaderThumbView.m; sourceTree = "<group>"; };
		042A9ABC2103167300555BCE /* ReaderThumbCache.m */ = {isa = PBXFileReference; fileEncoding = 4; lastKnownFileType = sourcecode.c.objc; path = ReaderThumbCache.m; sourceTree = "<group>"; };
		042A9ABD2103167300555BCE /* ReaderThumbsView.m */ = {isa = PBXFileReference; fileEncoding = 4; lastKnownFileType = sourcecode.c.objc; path = ReaderThumbsView.m; sourceTree = "<group>"; };
		042A9ABE2103167300555BCE /* UIXToolbarView.m */ = {isa = PBXFileReference; fileEncoding = 4; lastKnownFileType = sourcecode.c.objc; path = UIXToolbarView.m; sourceTree = "<group>"; };
		042A9ABF2103167300555BCE /* ReaderThumbCache.h */ = {isa = PBXFileReference; fileEncoding = 4; lastKnownFileType = sourcecode.c.h; path = ReaderThumbCache.h; sourceTree = "<group>"; };
		042A9AC02103167300555BCE /* ReaderDocumentOutline.h */ = {isa = PBXFileReference; fileEncoding = 4; lastKnownFileType = sourcecode.c.h; path = ReaderDocumentOutline.h; sourceTree = "<group>"; };
		042A9AC12103167400555BCE /* ReaderThumbView.h */ = {isa = PBXFileReference; fileEncoding = 4; lastKnownFileType = sourcecode.c.h; path = ReaderThumbView.h; sourceTree = "<group>"; };
		042A9AC22103167400555BCE /* CGPDFDocument.m */ = {isa = PBXFileReference; fileEncoding = 4; lastKnownFileType = sourcecode.c.objc; path = CGPDFDocument.m; sourceTree = "<group>"; };
		042A9AC32103167400555BCE /* CGPDFDocument.h */ = {isa = PBXFileReference; fileEncoding = 4; lastKnownFileType = sourcecode.c.h; path = CGPDFDocument.h; sourceTree = "<group>"; };
		042A9AC42103167400555BCE /* ReaderThumbFetch.h */ = {isa = PBXFileReference; fileEncoding = 4; lastKnownFileType = sourcecode.c.h; path = ReaderThumbFetch.h; sourceTree = "<group>"; };
		042A9AC52103167400555BCE /* ReaderThumbFetch.m */ = {isa = PBXFileReference; fileEncoding = 4; lastKnownFileType = sourcecode.c.objc; path = ReaderThumbFetch.m; sourceTree = "<group>"; };
		042A9AC62103167400555BCE /* ReaderThumbQueue.h */ = {isa = PBXFileReference; fileEncoding = 4; lastKnownFileType = sourcecode.c.h; path = ReaderThumbQueue.h; sourceTree = "<group>"; };
		042A9AC72103167400555BCE /* ReaderThumbRequest.h */ = {isa = PBXFileReference; fileEncoding = 4; lastKnownFileType = sourcecode.c.h; path = ReaderThumbRequest.h; sourceTree = "<group>"; };
		042A9AC82103167400555BCE /* ReaderThumbRender.m */ = {isa = PBXFileReference; fileEncoding = 4; lastKnownFileType = sourcecode.c.objc; path = ReaderThumbRender.m; sourceTree = "<group>"; };
		042A9AC92103167400555BCE /* ReaderThumbsView.h */ = {isa = PBXFileReference; fileEncoding = 4; lastKnownFileType = sourcecode.c.h; path = ReaderThumbsView.h; sourceTree = "<group>"; };
		042A9ACA2103167400555BCE /* ReaderThumbRequest.m */ = {isa = PBXFileReference; fileEncoding = 4; lastKnownFileType = sourcecode.c.objc; path = ReaderThumbRequest.m; sourceTree = "<group>"; };
		042A9ACB2103167400555BCE /* ReaderDocumentOutline.m */ = {isa = PBXFileReference; fileEncoding = 4; lastKnownFileType = sourcecode.c.objc; path = ReaderDocumentOutline.m; sourceTree = "<group>"; };
		044CAB1C210601EF0099EAF5 /* ReaderContentTile.h */ = {isa = PBXFileReference; fileEncoding = 4; lastKnownFileType = sourcecode.c.h; path = ReaderContentTile.h; sourceTree = "<group>"; };
		044CAB1D210601EF0099EAF5 /* ReaderContentView.h */ = {isa = PBXFileReference; fileEncoding = 4; lastKnownFileType = sourcecode.c.h; path = ReaderContentView.h; sourceTree = "<group>"; };
		044CAB1E210601F00099EAF5 /* ThumbsMainToolbar.m */ = {isa = PBXFileReference; fileEncoding = 4; lastKnownFileType = sourcecode.c.objc; path = ThumbsMainToolbar.m; sourceTree = "<group>"; };
		044CAB1F210601F00099EAF5 /* ReaderConstants.m */ = {isa = PBXFileReference; fileEncoding = 4; lastKnownFileType = sourcecode.c.objc; path = ReaderConstants.m; sourceTree = "<group>"; };
		044CAB20210601F00099EAF5 /* ReaderDocument.m */ = {isa = PBXFileReference; fileEncoding = 4; lastKnownFileType = sourcecode.c.objc; path = ReaderDocument.m; sourceTree = "<group>"; };
		044CAB21210601F00099EAF5 /* ReaderConstants.h */ = {isa = PBXFileReference; fileEncoding = 4; lastKnownFileType = sourcecode.c.h; path = ReaderConstants.h; sourceTree = "<group>"; };
		044CAB22210601F00099EAF5 /* ReaderMainPagebar.m */ = {isa = PBXFileReference; fileEncoding = 4; lastKnownFileType = sourcecode.c.objc; path = ReaderMainPagebar.m; sourceTree = "<group>"; };
		044CAB23210601F00099EAF5 /* ReaderDocument.h */ = {isa = PBXFileReference; fileEncoding = 4; lastKnownFileType = sourcecode.c.h; path = ReaderDocument.h; sourceTree = "<group>"; };
		044CAB24210601F00099EAF5 /* ReaderContentView.m */ = {isa = PBXFileReference; fileEncoding = 4; lastKnownFileType = sourcecode.c.objc; path = ReaderContentView.m; sourceTree = "<group>"; };
		044CAB25210601F00099EAF5 /* ReaderMainToolbar.h */ = {isa = PBXFileReference; fileEncoding = 4; lastKnownFileType = sourcecode.c.h; path = ReaderMainToolbar.h; sourceTree = "<group>"; };
		044CAB26210601F00099EAF5 /* ThumbsMainToolbar.h */ = {isa = PBXFileReference; fileEncoding = 4; lastKnownFileType = sourcecode.c.h; path = ThumbsMainToolbar.h; sourceTree = "<group>"; };
		044CAB27210601F00099EAF5 /* ReaderContentPage.h */ = {isa = PBXFileReference; fileEncoding = 4; lastKnownFileType = sourcecode.c.h; path = ReaderContentPage.h; sourceTree = "<group>"; };
		044CAB28210601F00099EAF5 /* ReaderContentTile.m */ = {isa = PBXFileReference; fileEncoding = 4; lastKnownFileType = sourcecode.c.objc; path = ReaderContentTile.m; sourceTree = "<group>"; };
		044CAB29210601F00099EAF5 /* ReaderMainPagebar.h */ = {isa = PBXFileReference; fileEncoding = 4; lastKnownFileType = sourcecode.c.h; path = ReaderMainPagebar.h; sourceTree = "<group>"; };
		044CAB2A210601F00099EAF5 /* ThumbsViewController.h */ = {isa = PBXFileReference; fileEncoding = 4; lastKnownFileType = sourcecode.c.h; path = ThumbsViewController.h; sourceTree = "<group>"; };
		044CAB2B210601F00099EAF5 /* ReaderMainToolbar.m */ = {isa = PBXFileReference; fileEncoding = 4; lastKnownFileType = sourcecode.c.objc; path = ReaderMainToolbar.m; sourceTree = "<group>"; };
		044CAB2C210601F00099EAF5 /* ReaderContentPage.m */ = {isa = PBXFileReference; fileEncoding = 4; lastKnownFileType = sourcecode.c.objc; path = ReaderContentPage.m; sourceTree = "<group>"; };
		044CAB2D210601F10099EAF5 /* ReaderViewController.h */ = {isa = PBXFileReference; fileEncoding = 4; lastKnownFileType = sourcecode.c.h; path = ReaderViewController.h; sourceTree = "<group>"; };
		044CAB2E210601F10099EAF5 /* ReaderViewController.m */ = {isa = PBXFileReference; fileEncoding = 4; lastKnownFileType = sourcecode.c.objc; path = ReaderViewController.m; sourceTree = "<group>"; };
		044CAB2F210601F10099EAF5 /* ThumbsViewController.m */ = {isa = PBXFileReference; fileEncoding = 4; lastKnownFileType = sourcecode.c.objc; path = ThumbsViewController.m; sourceTree = "<group>"; };
		044CAB3A210602010099EAF5 /* 1.pdf */ = {isa = PBXFileReference; lastKnownFileType = image.pdf; path = 1.pdf; sourceTree = "<group>"; };
/* End PBXFileReference section */

/* Begin PBXFrameworksBuildPhase section */
		042A9A9A2102FDB700555BCE /* Frameworks */ = {
			isa = PBXFrameworksBuildPhase;
			buildActionMask = 2147483647;
			files = (
			);
			runOnlyForDeploymentPostprocessing = 0;
		};
/* End PBXFrameworksBuildPhase section */

/* Begin PBXGroup section */
		0415F1A2211161930001E6A1 /* HXPDFReader */ = {
			isa = PBXGroup;
			children = (
				0415F1A3211161BE0001E6A1 /* HXPDFDocument.h */,
				0415F1A4211161BE0001E6A1 /* HXPDFDocument.m */,
			);
			path = HXPDFReader;
			sourceTree = "<group>";
		};
		042A9A942102FDB700555BCE = {
			isa = PBXGroup;
			children = (
				042A9A9F2102FDB700555BCE /* HXPDFReader */,
				042A9A9E2102FDB700555BCE /* Products */,
			);
			sourceTree = "<group>";
		};
		042A9A9E2102FDB700555BCE /* Products */ = {
			isa = PBXGroup;
			children = (
				042A9A9D2102FDB700555BCE /* HXPDFReader.app */,
			);
			name = Products;
			sourceTree = "<group>";
		};
		042A9A9F2102FDB700555BCE /* HXPDFReader */ = {
			isa = PBXGroup;
			children = (
				044CAB3A210602010099EAF5 /* 1.pdf */,
				042A9AA02102FDB700555BCE /* AppDelegate.h */,
				042A9AA12102FDB700555BCE /* AppDelegate.m */,
				042A9AA32102FDB700555BCE /* ViewController.h */,
				042A9AA42102FDB700555BCE /* ViewController.m */,
				0415F1A2211161930001E6A1 /* HXPDFReader */,
				042A9AB62103161500555BCE /* PDFReader */,
				042A9AA62102FDB700555BCE /* Main.storyboard */,
				042A9AA92102FDB800555BCE /* Assets.xcassets */,
				042A9AAB2102FDB800555BCE /* LaunchScreen.storyboard */,
				042A9AAE2102FDB800555BCE /* Info.plist */,
				042A9AAF2102FDB800555BCE /* main.m */,
			);
			path = HXPDFReader;
			sourceTree = "<group>";
		};
		042A9AB62103161500555BCE /* PDFReader */ = {
			isa = PBXGroup;
			children = (
				044CAB1B210601B80099EAF5 /* Sources */,
				042A9AB72103165200555BCE /* Support */,
			);
			path = PDFReader;
			sourceTree = "<group>";
		};
		042A9AB72103165200555BCE /* Support */ = {
			isa = PBXGroup;
			children = (
				042A9AC32103167400555BCE /* CGPDFDocument.h */,
				042A9AC22103167400555BCE /* CGPDFDocument.m */,
				042A9AC02103167300555BCE /* ReaderDocumentOutline.h */,
				042A9ACB2103167400555BCE /* ReaderDocumentOutline.m */,
				042A9ABF2103167300555BCE /* ReaderThumbCache.h */,
				042A9ABC2103167300555BCE /* ReaderThumbCache.m */,
				042A9AC42103167400555BCE /* ReaderThumbFetch.h */,
				042A9AC52103167400555BCE /* ReaderThumbFetch.m */,
				042A9AC62103167400555BCE /* ReaderThumbQueue.h */,
				042A9AB82103167300555BCE /* ReaderThumbQueue.m */,
				042A9AB92103167300555BCE /* ReaderThumbRender.h */,
				042A9AC82103167400555BCE /* ReaderThumbRender.m */,
				042A9AC72103167400555BCE /* ReaderThumbRequest.h */,
				042A9ACA2103167400555BCE /* ReaderThumbRequest.m */,
				042A9AC92103167400555BCE /* ReaderThumbsView.h */,
				042A9ABD2103167300555BCE /* ReaderThumbsView.m */,
				042A9AC12103167400555BCE /* ReaderThumbView.h */,
				042A9ABB2103167300555BCE /* ReaderThumbView.m */,
			);
			name = Support;
			sourceTree = "<group>";
		};
		044CAB1B210601B80099EAF5 /* Sources */ = {
			isa = PBXGroup;
			children = (
				044CAB21210601F00099EAF5 /* ReaderConstants.h */,
				044CAB1F210601F00099EAF5 /* ReaderConstants.m */,
				044CAB23210601F00099EAF5 /* ReaderDocument.h */,
				044CAB20210601F00099EAF5 /* ReaderDocument.m */,
				045191FD2106BE9C0059DEA0 /* 顶部工具栏 */,
				045191FC2106BE6E0059DEA0 /* 底部工具栏 */,
				045191FF2106CD1C0059DEA0 /* 横向滚动大图 */,
				045191FE2106C3B90059DEA0 /* 整体缩略图 */,
			);
			name = Sources;
			sourceTree = "<group>";
		};
		045191FC2106BE6E0059DEA0 /* 底部工具栏 */ = {
			isa = PBXGroup;
			children = (
				044CAB29210601F00099EAF5 /* ReaderMainPagebar.h */,
				044CAB22210601F00099EAF5 /* ReaderMainPagebar.m */,
			);
			name = "底部工具栏";
			sourceTree = "<group>";
		};
		045191FD2106BE9C0059DEA0 /* 顶部工具栏 */ = {
			isa = PBXGroup;
			children = (
				042A9ABA2103167300555BCE /* UIXToolbarView.h */,
				042A9ABE2103167300555BCE /* UIXToolbarView.m */,
				044CAB25210601F00099EAF5 /* ReaderMainToolbar.h */,
				044CAB2B210601F00099EAF5 /* ReaderMainToolbar.m */,
			);
			name = "顶部工具栏";
			sourceTree = "<group>";
		};
		045191FE2106C3B90059DEA0 /* 整体缩略图 */ = {
			isa = PBXGroup;
			children = (
				044CAB26210601F00099EAF5 /* ThumbsMainToolbar.h */,
				044CAB1E210601F00099EAF5 /* ThumbsMainToolbar.m */,
				044CAB2A210601F00099EAF5 /* ThumbsViewController.h */,
				044CAB2F210601F10099EAF5 /* ThumbsViewController.m */,
			);
			name = "整体缩略图";
			sourceTree = "<group>";
		};
		045191FF2106CD1C0059DEA0 /* 横向滚动大图 */ = {
			isa = PBXGroup;
			children = (
				044CAB27210601F00099EAF5 /* ReaderContentPage.h */,
				044CAB2C210601F00099EAF5 /* ReaderContentPage.m */,
				044CAB1C210601EF0099EAF5 /* ReaderContentTile.h */,
				044CAB28210601F00099EAF5 /* ReaderContentTile.m */,
				044CAB1D210601EF0099EAF5 /* ReaderContentView.h */,
				044CAB24210601F00099EAF5 /* ReaderContentView.m */,
				044CAB2D210601F10099EAF5 /* ReaderViewController.h */,
				044CAB2E210601F10099EAF5 /* ReaderViewController.m */,
			);
			name = "横向滚动大图";
			sourceTree = "<group>";
		};
/* End PBXGroup section */

/* Begin PBXNativeTarget section */
		042A9A9C2102FDB700555BCE /* HXPDFReader */ = {
			isa = PBXNativeTarget;
			buildConfigurationList = 042A9AB32102FDB800555BCE /* Build configuration list for PBXNativeTarget "HXPDFReader" */;
			buildPhases = (
				042A9A992102FDB700555BCE /* Sources */,
				042A9A9A2102FDB700555BCE /* Frameworks */,
				042A9A9B2102FDB700555BCE /* Resources */,
			);
			buildRules = (
			);
			dependencies = (
			);
			name = HXPDFReader;
			productName = HXPDFReader;
			productReference = 042A9A9D2102FDB700555BCE /* HXPDFReader.app */;
			productType = "com.apple.product-type.application";
		};
/* End PBXNativeTarget section */

/* Begin PBXProject section */
		042A9A952102FDB700555BCE /* Project object */ = {
			isa = PBXProject;
			attributes = {
				LastUpgradeCheck = 0940;
				ORGANIZATIONNAME = "华夏大地教育网";
				TargetAttributes = {
					042A9A9C2102FDB700555BCE = {
						CreatedOnToolsVersion = 9.4.1;
					};
				};
			};
			buildConfigurationList = 042A9A982102FDB700555BCE /* Build configuration list for PBXProject "HXPDFReader" */;
			compatibilityVersion = "Xcode 9.3";
			developmentRegion = en;
			hasScannedForEncodings = 0;
			knownRegions = (
				en,
				Base,
			);
			mainGroup = 042A9A942102FDB700555BCE;
			productRefGroup = 042A9A9E2102FDB700555BCE /* Products */;
			projectDirPath = "";
			projectRoot = "";
			targets = (
				042A9A9C2102FDB700555BCE /* HXPDFReader */,
			);
		};
/* End PBXProject section */

/* Begin PBXResourcesBuildPhase section */
		042A9A9B2102FDB700555BCE /* Resources */ = {
			isa = PBXResourcesBuildPhase;
			buildActionMask = 2147483647;
			files = (
				042A9AAD2102FDB800555BCE /* LaunchScreen.storyboard in Resources */,
				042A9AAA2102FDB800555BCE /* Assets.xcassets in Resources */,
				044CAB3B210602010099EAF5 /* 1.pdf in Resources */,
				042A9AA82102FDB700555BCE /* Main.storyboard in Resources */,
			);
			runOnlyForDeploymentPostprocessing = 0;
		};
/* End PBXResourcesBuildPhase section */

/* Begin PBXSourcesBuildPhase section */
		042A9A992102FDB700555BCE /* Sources */ = {
			isa = PBXSourcesBuildPhase;
			buildActionMask = 2147483647;
			files = (
				042A9AD22103167400555BCE /* ReaderThumbFetch.m in Sources */,
				044CAB35210601F10099EAF5 /* ReaderContentTile.m in Sources */,
				042A9ACE2103167400555BCE /* ReaderThumbCache.m in Sources */,
				042A9ACF2103167400555BCE /* ReaderThumbsView.m in Sources */,
				044CAB37210601F10099EAF5 /* ReaderContentPage.m in Sources */,
				042A9AD42103167400555BCE /* ReaderThumbRequest.m in Sources */,
				042A9AA52102FDB700555BCE /* ViewController.m in Sources */,
				042A9ACD2103167400555BCE /* ReaderThumbView.m in Sources */,
				042A9ACC2103167400555BCE /* ReaderThumbQueue.m in Sources */,
				044CAB30210601F10099EAF5 /* ThumbsMainToolbar.m in Sources */,
				042A9AB02102FDB800555BCE /* main.m in Sources */,
				044CAB34210601F10099EAF5 /* ReaderContentView.m in Sources */,
				042A9AD52103167400555BCE /* ReaderDocumentOutline.m in Sources */,
				044CAB38210601F10099EAF5 /* ReaderViewController.m in Sources */,
				042A9AA22102FDB700555BCE /* AppDelegate.m in Sources */,
				044CAB36210601F10099EAF5 /* ReaderMainToolbar.m in Sources */,
				042A9AD32103167400555BCE /* ReaderThumbRender.m in Sources */,
				044CAB31210601F10099EAF5 /* ReaderConstants.m in Sources */,
				044CAB32210601F10099EAF5 /* ReaderDocument.m in Sources */,
				0415F1A5211161BE0001E6A1 /* HXPDFDocument.m in Sources */,
				044CAB39210601F10099EAF5 /* ThumbsViewController.m in Sources */,
				044CAB33210601F10099EAF5 /* ReaderMainPagebar.m in Sources */,
				042A9AD02103167400555BCE /* UIXToolbarView.m in Sources */,
				042A9AD12103167400555BCE /* CGPDFDocument.m in Sources */,
			);
			runOnlyForDeploymentPostprocessing = 0;
		};
/* End PBXSourcesBuildPhase section */

/* Begin PBXVariantGroup section */
		042A9AA62102FDB700555BCE /* Main.storyboard */ = {
			isa = PBXVariantGroup;
			children = (
				042A9AA72102FDB700555BCE /* Base */,
			);
			name = Main.storyboard;
			sourceTree = "<group>";
		};
		042A9AAB2102FDB800555BCE /* LaunchScreen.storyboard */ = {
			isa = PBXVariantGroup;
			children = (
				042A9AAC2102FDB800555BCE /* Base */,
			);
			name = LaunchScreen.storyboard;
			sourceTree = "<group>";
		};
/* End PBXVariantGroup section */

/* Begin XCBuildConfiguration section */
		042A9AB12102FDB800555BCE /* Debug */ = {
			isa = XCBuildConfiguration;
			buildSettings = {
				ALWAYS_SEARCH_USER_PATHS = NO;
				CLANG_ANALYZER_NONNULL = YES;
				CLANG_ANALYZER_NUMBER_OBJECT_CONVERSION = YES_AGGRESSIVE;
				CLANG_CXX_LANGUAGE_STANDARD = "gnu++14";
				CLANG_CXX_LIBRARY = "libc++";
				CLANG_ENABLE_MODULES = YES;
				CLANG_ENABLE_OBJC_ARC = YES;
				CLANG_ENABLE_OBJC_WEAK = YES;
				CLANG_WARN_BLOCK_CAPTURE_AUTORELEASING = YES;
				CLANG_WARN_BOOL_CONVERSION = YES;
				CLANG_WARN_COMMA = YES;
				CLANG_WARN_CONSTANT_CONVERSION = YES;
				CLANG_WARN_DEPRECATED_OBJC_IMPLEMENTATIONS = YES;
				CLANG_WARN_DIRECT_OBJC_ISA_USAGE = YES_ERROR;
				CLANG_WARN_DOCUMENTATION_COMMENTS = YES;
				CLANG_WARN_EMPTY_BODY = YES;
				CLANG_WARN_ENUM_CONVERSION = YES;
				CLANG_WARN_INFINITE_RECURSION = YES;
				CLANG_WARN_INT_CONVERSION = YES;
				CLANG_WARN_NON_LITERAL_NULL_CONVERSION = YES;
				CLANG_WARN_OBJC_IMPLICIT_RETAIN_SELF = YES;
				CLANG_WARN_OBJC_LITERAL_CONVERSION = YES;
				CLANG_WARN_OBJC_ROOT_CLASS = YES_ERROR;
				CLANG_WARN_RANGE_LOOP_ANALYSIS = YES;
				CLANG_WARN_STRICT_PROTOTYPES = YES;
				CLANG_WARN_SUSPICIOUS_MOVE = YES;
				CLANG_WARN_UNGUARDED_AVAILABILITY = YES_AGGRESSIVE;
				CLANG_WARN_UNREACHABLE_CODE = YES;
				CLANG_WARN__DUPLICATE_METHOD_MATCH = YES;
				CODE_SIGN_IDENTITY = "iPhone Developer";
				COPY_PHASE_STRIP = NO;
				DEBUG_INFORMATION_FORMAT = dwarf;
				ENABLE_STRICT_OBJC_MSGSEND = YES;
				ENABLE_TESTABILITY = YES;
				GCC_C_LANGUAGE_STANDARD = gnu11;
				GCC_DYNAMIC_NO_PIC = NO;
				GCC_NO_COMMON_BLOCKS = YES;
				GCC_OPTIMIZATION_LEVEL = 0;
				GCC_PREPROCESSOR_DEFINITIONS = (
					"DEBUG=1",
					"$(inherited)",
				);
				GCC_WARN_64_TO_32_BIT_CONVERSION = YES;
				GCC_WARN_ABOUT_RETURN_TYPE = YES_ERROR;
				GCC_WARN_UNDECLARED_SELECTOR = YES;
				GCC_WARN_UNINITIALIZED_AUTOS = YES_AGGRESSIVE;
				GCC_WARN_UNUSED_FUNCTION = YES;
				GCC_WARN_UNUSED_VARIABLE = YES;
				IPHONEOS_DEPLOYMENT_TARGET = 11.4;
				MTL_ENABLE_DEBUG_INFO = YES;
				ONLY_ACTIVE_ARCH = YES;
				SDKROOT = iphoneos;
			};
			name = Debug;
		};
		042A9AB22102FDB800555BCE /* Release */ = {
			isa = XCBuildConfiguration;
			buildSettings = {
				ALWAYS_SEARCH_USER_PATHS = NO;
				CLANG_ANALYZER_NONNULL = YES;
				CLANG_ANALYZER_NUMBER_OBJECT_CONVERSION = YES_AGGRESSIVE;
				CLANG_CXX_LANGUAGE_STANDARD = "gnu++14";
				CLANG_CXX_LIBRARY = "libc++";
				CLANG_ENABLE_MODULES = YES;
				CLANG_ENABLE_OBJC_ARC = YES;
				CLANG_ENABLE_OBJC_WEAK = YES;
				CLANG_WARN_BLOCK_CAPTURE_AUTORELEASING = YES;
				CLANG_WARN_BOOL_CONVERSION = YES;
				CLANG_WARN_COMMA = YES;
				CLANG_WARN_CONSTANT_CONVERSION = YES;
				CLANG_WARN_DEPRECATED_OBJC_IMPLEMENTATIONS = YES;
				CLANG_WARN_DIRECT_OBJC_ISA_USAGE = YES_ERROR;
				CLANG_WARN_DOCUMENTATION_COMMENTS = YES;
				CLANG_WARN_EMPTY_BODY = YES;
				CLANG_WARN_ENUM_CONVERSION = YES;
				CLANG_WARN_INFINITE_RECURSION = YES;
				CLANG_WARN_INT_CONVERSION = YES;
				CLANG_WARN_NON_LITERAL_NULL_CONVERSION = YES;
				CLANG_WARN_OBJC_IMPLICIT_RETAIN_SELF = YES;
				CLANG_WARN_OBJC_LITERAL_CONVERSION = YES;
				CLANG_WARN_OBJC_ROOT_CLASS = YES_ERROR;
				CLANG_WARN_RANGE_LOOP_ANALYSIS = YES;
				CLANG_WARN_STRICT_PROTOTYPES = YES;
				CLANG_WARN_SUSPICIOUS_MOVE = YES;
				CLANG_WARN_UNGUARDED_AVAILABILITY = YES_AGGRESSIVE;
				CLANG_WARN_UNREACHABLE_CODE = YES;
				CLANG_WARN__DUPLICATE_METHOD_MATCH = YES;
				CODE_SIGN_IDENTITY = "iPhone Developer";
				COPY_PHASE_STRIP = NO;
				DEBUG_INFORMATION_FORMAT = "dwarf-with-dsym";
				ENABLE_NS_ASSERTIONS = NO;
				ENABLE_STRICT_OBJC_MSGSEND = YES;
				GCC_C_LANGUAGE_STANDARD = gnu11;
				GCC_NO_COMMON_BLOCKS = YES;
				GCC_WARN_64_TO_32_BIT_CONVERSION = YES;
				GCC_WARN_ABOUT_RETURN_TYPE = YES_ERROR;
				GCC_WARN_UNDECLARED_SELECTOR = YES;
				GCC_WARN_UNINITIALIZED_AUTOS = YES_AGGRESSIVE;
				GCC_WARN_UNUSED_FUNCTION = YES;
				GCC_WARN_UNUSED_VARIABLE = YES;
				IPHONEOS_DEPLOYMENT_TARGET = 11.4;
				MTL_ENABLE_DEBUG_INFO = NO;
				SDKROOT = iphoneos;
				VALIDATE_PRODUCT = YES;
			};
			name = Release;
		};
		042A9AB42102FDB800555BCE /* Debug */ = {
			isa = XCBuildConfiguration;
			buildSettings = {
				ASSETCATALOG_COMPILER_APPICON_NAME = AppIcon;
				CODE_SIGN_STYLE = Automatic;
				DEVELOPMENT_TEAM = CX9724CS5M;
				INFOPLIST_FILE = HXPDFReader/Info.plist;
				LD_RUNPATH_SEARCH_PATHS = (
					"$(inherited)",
					"@executable_path/Frameworks",
				);
				PRODUCT_BUNDLE_IDENTIFIER = "com.edu-edu.HXPDFReader";
				PRODUCT_NAME = "$(TARGET_NAME)";
				TARGETED_DEVICE_FAMILY = "1,2";
			};
			name = Debug;
		};
		042A9AB52102FDB800555BCE /* Release */ = {
			isa = XCBuildConfiguration;
			buildSettings = {
				ASSETCATALOG_COMPILER_APPICON_NAME = AppIcon;
				CODE_SIGN_STYLE = Automatic;
				DEVELOPMENT_TEAM = CX9724CS5M;
				INFOPLIST_FILE = HXPDFReader/Info.plist;
				LD_RUNPATH_SEARCH_PATHS = (
					"$(inherited)",
					"@executable_path/Frameworks",
				);
				PRODUCT_BUNDLE_IDENTIFIER = "com.edu-edu.HXPDFReader";
				PRODUCT_NAME = "$(TARGET_NAME)";
				TARGETED_DEVICE_FAMILY = "1,2";
			};
			name = Release;
		};
/* End XCBuildConfiguration section */

/* Begin XCConfigurationList section */
		042A9A982102FDB700555BCE /* Build configuration list for PBXProject "HXPDFReader" */ = {
			isa = XCConfigurationList;
			buildConfigurations = (
				042A9AB12102FDB800555BCE /* Debug */,
				042A9AB22102FDB800555BCE /* Release */,
			);
			defaultConfigurationIsVisible = 0;
			defaultConfigurationName = Release;
		};
		042A9AB32102FDB800555BCE /* Build configuration list for PBXNativeTarget "HXPDFReader" */ = {
			isa = XCConfigurationList;
			buildConfigurations = (
				042A9AB42102FDB800555BCE /* Debug */,
				042A9AB52102FDB800555BCE /* Release */,
			);
			defaultConfigurationIsVisible = 0;
			defaultConfigurationName = Release;
		};
/* End XCConfigurationList section */
	};
	rootObject = 042A9A952102FDB700555BCE /* Project object */;
}
